{
  "version": 4,
  "terraform_version": "1.10.3",
  "serial": 1,
  "lineage": "cf412a13-3a61-f13a-7594-544f01ff2ae0",
  "outputs": {},
  "resources": [
    {
      "mode": "managed",
      "type": "aws_vpc",
      "name": "main",
      "provider": "provider[\"registry.terraform.io/hashicorp/aws\"]",
      "instances": [
        {
          "schema_version": 1,
          "attributes": {
            "arn": "arn:aws:ec2:us-east-1:654654243225:vpc/vpc-0a2ad67a96229f9f6",
            "assign_generated_ipv6_cidr_block": false,
            "cidr_block": "10.0.0.0/16",
            "default_network_acl_id": "acl-0b68d82976bf174e7",
            "default_route_table_id": "rtb-025248706b7a95b74",
            "default_security_group_id": "sg-089e94560cfbf6087",
            "dhcp_options_id": "dopt-0594a268039b5cef8",
            "enable_dns_hostnames": false,
            "enable_dns_support": true,
            "enable_network_address_usage_metrics": false,
            "id": "vpc-0a2ad67a96229f9f6",
            "instance_tenancy": "default",
            "ipv4_ipam_pool_id": null,
            "ipv4_netmask_length": null,
            "ipv6_association_id": "",
            "ipv6_cidr_block": "",
            "ipv6_cidr_block_network_border_group": "",
            "ipv6_ipam_pool_id": "",
            "ipv6_netmask_length": 0,
            "main_route_table_id": "rtb-025248706b7a95b74",
            "owner_id": "654654243225",
            "tags": {
              "Name": "lunuxtips-vpc"
            },
            "tags_all": {
              "Name": "lunuxtips-vpc"
            }
          },
          "sensitive_attributes": [],
          "private": "eyJzY2hlbWFfdmVyc2lvbiI6IjEifQ=="
        }
      ]
    }
  ],
  "check_results": null
}
